// !$*UTF8*$!
{
	archiveVersion = 1;
	classes = {
	};
	objectVersion = 77;
	objects = {

/* Begin PBXContainerItemProxy section */
		F6D8FE452D4FAC93002A8742 /* PBXContainerItemProxy */ = {
			isa = PBXContainerItemProxy;
			containerPortal = F6D8FE262D4FAC92002A8742 /* Project object */;
			proxyType = 1;
			remoteGlobalIDString = F6D8FE2D2D4FAC92002A8742;
			remoteInfo = Module3;
		};
		F6D8FE4F2D4FAC93002A8742 /* PBXContainerItemProxy */ = {
			isa = PBXContainerItemProxy;
			containerPortal = F6D8FE262D4FAC92002A8742 /* Project object */;
			proxyType = 1;
			remoteGlobalIDString = F6D8FE2D2D4FAC92002A8742;
			remoteInfo = Module3;
		};
/* End PBXContainerItemProxy section */

/* Begin PBXFileReference section */
		F6D8FE2E2D4FAC92002A8742 /* Module3.app */ = {isa = PBXFileReference; explicitFileType = wrapper.application; includeInIndex = 0; path = Module3.app; sourceTree = BUILT_PRODUCTS_DIR; };
		F6D8FE442D4FAC93002A8742 /* Module3Tests.xctest */ = {isa = PBXFileReference; explicitFileType = wrapper.cfbundle; includeInIndex = 0; path = Module3Tests.xctest; sourceTree = BUILT_PRODUCTS_DIR; };
		F6D8FE4E2D4FAC93002A8742 /* Module3UITests.xctest */ = {isa = PBXFileReference; explicitFileType = wrapper.cfbundle; includeInIndex = 0; path = Module3UITests.xctest; sourceTree = BUILT_PRODUCTS_DIR; };
/* End PBXFileReference section */

/* Begin PBXFileSystemSynchronizedBuildFileExceptionSet section */
		F6D8FE562D4FAC93002A8742 /* Exceptions for "Module3" folder in "Module3" target */ = {
			isa = PBXFileSystemSynchronizedBuildFileExceptionSet;
			membershipExceptions = (
				Info.plist,
			);
			target = F6D8FE2D2D4FAC92002A8742 /* Module3 */;
		};
/* End PBXFileSystemSynchronizedBuildFileExceptionSet section */

/* Begin PBXFileSystemSynchronizedRootGroup section */
		F6D8FE302D4FAC92002A8742 /* Module3 */ = {
			isa = PBXFileSystemSynchronizedRootGroup;
			exceptions = (
				F6D8FE562D4FAC93002A8742 /* Exceptions for "Module3" folder in "Module3" target */,
			);
			path = Module3;
			sourceTree = "<group>";
		};
		F6D8FE472D4FAC93002A8742 /* Module3Tests */ = {
			isa = PBXFileSystemSynchronizedRootGroup;
			path = Module3Tests;
			sourceTree = "<group>";
		};
		F6D8FE512D4FAC93002A8742 /* Module3UITests */ = {
			isa = PBXFileSystemSynchronizedRootGroup;
			path = Module3UITests;
			sourceTree = "<group>";
		};
/* End PBXFileSystemSynchronizedRootGroup section */

/* Begin PBXFrameworksBuildPhase section */
		F6D8FE2B2D4FAC92002A8742 /* Frameworks */ = {
			isa = PBXFrameworksBuildPhase;
			buildActionMask = 2147483647;
			files = (
			);
			runOnlyForDeploymentPostprocessing = 0;
		};
		F6D8FE412D4FAC93002A8742 /* Frameworks */ = {
			isa = PBXFrameworksBuildPhase;
			buildActionMask = 2147483647;
			files = (
			);
			runOnlyForDeploymentPostprocessing = 0;
		};
		F6D8FE4B2D4FAC93002A8742 /* Frameworks */ = {
			isa = PBXFrameworksBuildPhase;
			buildActionMask = 2147483647;
			files = (
			);
			runOnlyForDeploymentPostprocessing = 0;
		};
/* End PBXFrameworksBuildPhase section */

/* Begin PBXGroup section */
		F6D8FE252D4FAC92002A8742 = {
			isa = PBXGroup;
			children = (
				F6D8FE302D4FAC92002A8742 /* Module3 */,
				F6D8FE472D4FAC93002A8742 /* Module3Tests */,
				F6D8FE512D4FAC93002A8742 /* Module3UITests */,
				F6D8FE2F2D4FAC92002A8742 /* Products */,
			);
			sourceTree = "<group>";
		};
		F6D8FE2F2D4FAC92002A8742 /* Products */ = {
			isa = PBXGroup;
			children = (
				F6D8FE2E2D4FAC92002A8742 /* Module3.app */,
				F6D8FE442D4FAC93002A8742 /* Module3Tests.xctest */,
				F6D8FE4E2D4FAC93002A8742 /* Module3UITests.xctest */,
			);
			name = Products;
			sourceTree = "<group>";
		};
/* End PBXGroup section */

/* Begin PBXNativeTarget section */
		F6D8FE2D2D4FAC92002A8742 /* Module3 */ = {
			isa = PBXNativeTarget;
			buildConfigurationList = F6D8FE572D4FAC93002A8742 /* Build configuration list for PBXNativeTarget "Module3" */;
			buildPhases = (
				F6D8FE2A2D4FAC92002A8742 /* Sources */,
				F6D8FE2B2D4FAC92002A8742 /* Frameworks */,
				F6D8FE2C2D4FAC92002A8742 /* Resources */,
			);
			buildRules = (
			);
			dependencies = (
			);
			fileSystemSynchronizedGroups = (
				F6D8FE302D4FAC92002A8742 /* Module3 */,
			);
			name = Module3;
			packageProductDependencies = (
			);
			productName = Module3;
			productReference = F6D8FE2E2D4FAC92002A8742 /* Module3.app */;
			productType = "com.apple.product-type.application";
		};
		F6D8FE432D4FAC93002A8742 /* Module3Tests */ = {
			isa = PBXNativeTarget;
			buildConfigurationList = F6D8FE5C2D4FAC93002A8742 /* Build configuration list for PBXNativeTarget "Module3Tests" */;
			buildPhases = (
				F6D8FE402D4FAC93002A8742 /* Sources */,
				F6D8FE412D4FAC93002A8742 /* Frameworks */,
				F6D8FE422D4FAC93002A8742 /* Resources */,
			);
			buildRules = (
			);
			dependencies = (
				F6D8FE462D4FAC93002A8742 /* PBXTargetDependency */,
			);
			fileSystemSynchronizedGroups = (
				F6D8FE472D4FAC93002A8742 /* Module3Tests */,
			);
			name = Module3Tests;
			packageProductDependencies = (
			);
			productName = Module3Tests;
			productReference = F6D8FE442D4FAC93002A8742 /* Module3Tests.xctest */;
			productType = "com.apple.product-type.bundle.unit-test";
		};
		F6D8FE4D2D4FAC93002A8742 /* Module3UITests */ = {
			isa = PBXNativeTarget;
			buildConfigurationList = F6D8FE5F2D4FAC93002A8742 /* Build configuration list for PBXNativeTarget "Module3UITests" */;
			buildPhases = (
				F6D8FE4A2D4FAC93002A8742 /* Sources */,
				F6D8FE4B2D4FAC93002A8742 /* Frameworks */,
				F6D8FE4C2D4FAC93002A8742 /* Resources */,
			);
			buildRules = (
			);
			dependencies = (
				F6D8FE502D4FAC93002A8742 /* PBXTargetDependency */,
			);
			fileSystemSynchronizedGroups = (
				F6D8FE512D4FAC93002A8742 /* Module3UITests */,
			);
			name = Module3UITests;
			packageProductDependencies = (
			);
			productName = Module3UITests;
			productReference = F6D8FE4E2D4FAC93002A8742 /* Module3UITests.xctest */;
			productType = "com.apple.product-type.bundle.ui-testing";
		};
/* End PBXNativeTarget section */

/* Begin PBXProject section */
		F6D8FE262D4FAC92002A8742 /* Project object */ = {
			isa = PBXProject;
			attributes = {
				BuildIndependentTargetsInParallel = 1;
				LastSwiftUpdateCheck = 1620;
				LastUpgradeCheck = 1620;
				TargetAttributes = {
					F6D8FE2D2D4FAC92002A8742 = {
						CreatedOnToolsVersion = 16.2;
					};
					F6D8FE432D4FAC93002A8742 = {
						CreatedOnToolsVersion = 16.2;
						TestTargetID = F6D8FE2D2D4FAC92002A8742;
					};
					F6D8FE4D2D4FAC93002A8742 = {
						CreatedOnToolsVersion = 16.2;
						TestTargetID = F6D8FE2D2D4FAC92002A8742;
					};
				};
			};
			buildConfigurationList = F6D8FE292D4FAC92002A8742 /* Build configuration list for PBXProject "Module3" */;
			developmentRegion = en;
			hasScannedForEncodings = 0;
			knownRegions = (
				en,
				Base,
			);
			mainGroup = F6D8FE252D4FAC92002A8742;
			minimizedProjectReferenceProxies = 1;
			preferredProjectObjectVersion = 77;
			productRefGroup = F6D8FE2F2D4FAC92002A8742 /* Products */;
			projectDirPath = "";
			projectRoot = "";
			targets = (
				F6D8FE2D2D4FAC92002A8742 /* Module3 */,
				F6D8FE432D4FAC93002A8742 /* Module3Tests */,
				F6D8FE4D2D4FAC93002A8742 /* Module3UITests */,
			);
		};
/* End PBXProject section */

/* Begin PBXResourcesBuildPhase section */
		F6D8FE2C2D4FAC92002A8742 /* Resources */ = {
			isa = PBXResourcesBuildPhase;
			buildActionMask = 2147483647;
			files = (
			);
			runOnlyForDeploymentPostprocessing = 0;
		};
		F6D8FE422D4FAC93002A8742 /* Resources */ = {
			isa = PBXResourcesBuildPhase;
			buildActionMask = 2147483647;
			files = (
			);
			runOnlyForDeploymentPostprocessing = 0;
		};
		F6D8FE4C2D4FAC93002A8742 /* Resources */ = {
			isa = PBXResourcesBuildPhase;
			buildActionMask = 2147483647;
			files = (
			);
			runOnlyForDeploymentPostprocessing = 0;
		};
/* End PBXResourcesBuildPhase section */

/* Begin PBXSourcesBuildPhase section */
		F6D8FE2A2D4FAC92002A8742 /* Sources */ = {
			isa = PBXSourcesBuildPhase;
			buildActionMask = 2147483647;
			files = (
			);
			runOnlyForDeploymentPostprocessing = 0;
		};
		F6D8FE402D4FAC93002A8742 /* Sources */ = {
			isa = PBXSourcesBuildPhase;
			buildActionMask = 2147483647;
			files = (
			);
			runOnlyForDeploymentPostprocessing = 0;
		};
		F6D8FE4A2D4FAC93002A8742 /* Sources */ = {
			isa = PBXSourcesBuildPhase;
			buildActionMask = 2147483647;
			files = (
			);
			runOnlyForDeploymentPostprocessing = 0;
		};
/* End PBXSourcesBuildPhase section */

/* Begin PBXTargetDependency section */
		F6D8FE462D4FAC93002A8742 /* PBXTargetDependency */ = {
			isa = PBXTargetDependency;
			target = F6D8FE2D2D4FAC92002A8742 /* Module3 */;
			targetProxy = F6D8FE452D4FAC93002A8742 /* PBXContainerItemProxy */;
		};
		F6D8FE502D4FAC93002A8742 /* PBXTargetDependency */ = {
			isa = PBXTargetDependency;
			target = F6D8FE2D2D4FAC92002A8742 /* Module3 */;
			targetProxy = F6D8FE4F2D4FAC93002A8742 /* PBXContainerItemProxy */;
		};
/* End PBXTargetDependency section */

/* Begin XCBuildConfiguration section */
		F6D8FE582D4FAC93002A8742 /* Debug */ = {
			isa = XCBuildConfiguration;
			buildSettings = {
				ASSETCATALOG_COMPILER_APPICON_NAME = AppIcon;
				ASSETCATALOG_COMPILER_GLOBAL_ACCENT_COLOR_NAME = AccentColor;
				CODE_SIGN_STYLE = Automatic;
				CURRENT_PROJECT_VERSION = 1;
				GENERATE_INFOPLIST_FILE = YES;
				INFOPLIST_FILE = Module3/Info.plist;
				INFOPLIST_KEY_UIApplicationSupportsIndirectInputEvents = YES;
				INFOPLIST_KEY_UILaunchStoryboardName = LaunchScreen;
				INFOPLIST_KEY_UIMainStoryboardFile = Main;
				INFOPLIST_KEY_UISupportedInterfaceOrientations_iPad = "UIInterfaceOrientationPortrait UIInterfaceOrientationPortraitUpsideDown UIInterfaceOrientationLandscapeLeft UIInterfaceOrientationLandscapeRight";
				INFOPLIST_KEY_UISupportedInterfaceOrientations_iPhone = "UIInterfaceOrientationPortrait UIInterfaceOrientationLandscapeLeft UIInterfaceOrientationLandscapeRight";
				IPHONEOS_DEPLOYMENT_TARGET = 16.6;
				LD_RUNPATH_SEARCH_PATHS = (
					"$(inherited)",
					"@executable_path/Frameworks",
				);
				MARKETING_VERSION = 1.0;
				PRODUCT_BUNDLE_IDENTIFIER = edu.auburn.onlinecsse.Module3;
				PRODUCT_NAME = "$(TARGET_NAME)";
				SWIFT_EMIT_LOC_STRINGS = YES;
				SWIFT_VERSION = 5.0;
				TARGETED_DEVICE_FAMILY = "1,2";
			};
			name = Debug;
		};
		F6D8FE592D4FAC93002A8742 /* Release */ = {
			isa = XCBuildConfiguration;
			buildSettings = {
				ASSETCATALOG_COMPILER_APPICON_NAME = AppIcon;
				ASSETCATALOG_COMPILER_GLOBAL_ACCENT_COLOR_NAME = AccentColor;
				CODE_SIGN_STYLE = Automatic;
				CURRENT_PROJECT_VERSION = 1;
				GENERATE_INFOPLIST_FILE = YES;
				INFOPLIST_FILE = Module3/Info.plist;
				INFOPLIST_KEY_UIApplicationSupportsIndirectInputEvents = YES;
				INFOPLIST_KEY_UILaunchStoryboardName = LaunchScreen;
				INFOPLIST_KEY_UIMainStoryboardFile = Main;
				INFOPLIST_KEY_UISupportedInterfaceOrientations_iPad = "UIInterfaceOrientationPortrait UIInterfaceOrientationPortraitUpsideDown UIInterfaceOrientationLandscapeLeft UIInterfaceOrientationLandscapeRight";
				INFOPLIST_KEY_UISupportedInterfaceOrientations_iPhone = "UIInterfaceOrientationPortrait UIInterfaceOrientationLandscapeLeft UIInterfaceOrientationLandscapeRight";
				IPHONEOS_DEPLOYMENT_TARGET = 16.6;
				LD_RUNPATH_SEARCH_PATHS = (
					"$(inherited)",
					"@executable_path/Frameworks",
				);
				MARKETING_VERSION = 1.0;
				PRODUCT_BUNDLE_IDENTIFIER = edu.auburn.onlinecsse.Module3;
				PRODUCT_NAME = "$(TARGET_NAME)";
				SWIFT_EMIT_LOC_STRINGS = YES;
				SWIFT_VERSION = 5.0;
				TARGETED_DEVICE_FAMILY = "1,2";
			};
			name = Release;
		};
		F6D8FE5A2D4FAC93002A8742 /* Debug */ = {
			isa = XCBuildConfiguration;
			buildSettings = {
				ALWAYS_SEARCH_USER_PATHS = NO;
				ASSETCATALOG_COMPILER_GENERATE_SWIFT_ASSET_SYMBOL_EXTENSIONS = YES;
				CLANG_ANALYZER_NONNULL = YES;
				CLANG_ANALYZER_NUMBER_OBJECT_CONVERSION = YES_AGGRESSIVE;
				CLANG_CXX_LANGUAGE_STANDARD = "gnu++20";
				CLANG_ENABLE_MODULES = YES;
				CLANG_ENABLE_OBJC_ARC = YES;
				CLANG_ENABLE_OBJC_WEAK = YES;
				CLANG_WARN_BLOCK_CAPTURE_AUTORELEASING = YES;
				CLANG_WARN_BOOL_CONVERSION = YES;
				CLANG_WARN_COMMA = YES;
				CLANG_WARN_CONSTANT_CONVERSION = YES;
				CLANG_WARN_DEPRECATED_OBJC_IMPLEMENTATIONS = YES;
				CLANG_WARN_DIRECT_OBJC_ISA_USAGE = YES_ERROR;
				CLANG_WARN_DOCUMENTATION_COMMENTS = YES;
				CLANG_WARN_EMPTY_BODY = YES;
				CLANG_WARN_ENUM_CONVERSION = YES;
				CLANG_WARN_INFINITE_RECURSION = YES;
				CLANG_WARN_INT_CONVERSION = YES;
				CLANG_WARN_NON_LITERAL_NULL_CONVERSION = YES;
				CLANG_WARN_OBJC_IMPLICIT_RETAIN_SELF = YES;
				CLANG_WARN_OBJC_LITERAL_CONVERSION = YES;
				CLANG_WARN_OBJC_ROOT_CLASS = YES_ERROR;
				CLANG_WARN_QUOTED_INCLUDE_IN_FRAMEWORK_HEADER = YES;
				CLANG_WARN_RANGE_LOOP_ANALYSIS = YES;
				CLANG_WARN_STRICT_PROTOTYPES = YES;
				CLANG_WARN_SUSPICIOUS_MOVE = YES;
				CLANG_WARN_UNGUARDED_AVAILABILITY = YES_AGGRESSIVE;
				CLANG_WARN_UNREACHABLE_CODE = YES;
				CLANG_WARN__DUPLICATE_METHOD_MATCH = YES;
				COPY_PHASE_STRIP = NO;
				DEBUG_INFORMATION_FORMAT = dwarf;
				ENABLE_STRICT_OBJC_MSGSEND = YES;
				ENABLE_TESTABILITY = YES;
				ENABLE_USER_SCRIPT_SANDBOXING = YES;
				GCC_C_LANGUAGE_STANDARD = gnu17;
				GCC_DYNAMIC_NO_PIC = NO;
				GCC_NO_COMMON_BLOCKS = YES;
				GCC_OPTIMIZATION_LEVEL = 0;
				GCC_PREPROCESSOR_DEFINITIONS = (
					"DEBUG=1",
					"$(inherited)",
				);
				GCC_WARN_64_TO_32_BIT_CONVERSION = YES;
				GCC_WARN_ABOUT_RETURN_TYPE = YES_ERROR;
				GCC_WARN_UNDECLARED_SELECTOR = YES;
				GCC_WARN_UNINITIALIZED_AUTOS = YES_AGGRESSIVE;
				GCC_WARN_UNUSED_FUNCTION = YES;
				GCC_WARN_UNUSED_VARIABLE = YES;
				IPHONEOS_DEPLOYMENT_TARGET = 18.2;
				LOCALIZATION_PREFERS_STRING_CATALOGS = YES;
				MTL_ENABLE_DEBUG_INFO = INCLUDE_SOURCE;
				MTL_FAST_MATH = YES;
				ONLY_ACTIVE_ARCH = YES;
				SDKROOT = iphoneos;
				SWIFT_ACTIVE_COMPILATION_CONDITIONS = "DEBUG $(inherited)";
				SWIFT_OPTIMIZATION_LEVEL = "-Onone";
			};
			name = Debug;
		};
		F6D8FE5B2D4FAC93002A8742 /* Release */ = {
			isa = XCBuildConfiguration;
			buildSettings = {
				ALWAYS_SEARCH_USER_PATHS = NO;
				ASSETCATALOG_COMPILER_GENERATE_SWIFT_ASSET_SYMBOL_EXTENSIONS = YES;
				CLANG_ANALYZER_NONNULL = YES;
				CLANG_ANALYZER_NUMBER_OBJECT_CONVERSION = YES_AGGRESSIVE;
				CLANG_CXX_LANGUAGE_STANDARD = "gnu++20";
				CLANG_ENABLE_MODULES = YES;
				CLANG_ENABLE_OBJC_ARC = YES;
				CLANG_ENABLE_OBJC_WEAK = YES;
				CLANG_WARN_BLOCK_CAPTURE_AUTORELEASING = YES;
				CLANG_WARN_BOOL_CONVERSION = YES;
				CLANG_WARN_COMMA = YES;
				CLANG_WARN_CONSTANT_CONVERSION = YES;
				CLANG_WARN_DEPRECATED_OBJC_IMPLEMENTATIONS = YES;
				CLANG_WARN_DIRECT_OBJC_ISA_USAGE = YES_ERROR;
				CLANG_WARN_DOCUMENTATION_COMMENTS = YES;
				CLANG_WARN_EMPTY_BODY = YES;
				CLANG_WARN_ENUM_CONVERSION = YES;
				CLANG_WARN_INFINITE_RECURSION = YES;
				CLANG_WARN_INT_CONVERSION = YES;
				CLANG_WARN_NON_LITERAL_NULL_CONVERSION = YES;
				CLANG_WARN_OBJC_IMPLICIT_RETAIN_SELF = YES;
				CLANG_WARN_OBJC_LITERAL_CONVERSION = YES;
				CLANG_WARN_OBJC_ROOT_CLASS = YES_ERROR;
				CLANG_WARN_QUOTED_INCLUDE_IN_FRAMEWORK_HEADER = YES;
				CLANG_WARN_RANGE_LOOP_ANALYSIS = YES;
				CLANG_WARN_STRICT_PROTOTYPES = YES;
				CLANG_WARN_SUSPICIOUS_MOVE = YES;
				CLANG_WARN_UNGUARDED_AVAILABILITY = YES_AGGRESSIVE;
				CLANG_WARN_UNREACHABLE_CODE = YES;
				CLANG_WARN__DUPLICATE_METHOD_MATCH = YES;
				COPY_PHASE_STRIP = NO;
				DEBUG_INFORMATION_FORMAT = "dwarf-with-dsym";
				ENABLE_NS_ASSERTIONS = NO;
				ENABLE_STRICT_OBJC_MSGSEND = YES;
				ENABLE_USER_SCRIPT_SANDBOXING = YES;
				GCC_C_LANGUAGE_STANDARD = gnu17;
				GCC_NO_COMMON_BLOCKS = YES;
				GCC_WARN_64_TO_32_BIT_CONVERSION = YES;
				GCC_WARN_ABOUT_RETURN_TYPE = YES_ERROR;
				GCC_WARN_UNDECLARED_SELECTOR = YES;
				GCC_WARN_UNINITIALIZED_AUTOS = YES_AGGRESSIVE;
				GCC_WARN_UNUSED_FUNCTION = YES;
				GCC_WARN_UNUSED_VARIABLE = YES;
				IPHONEOS_DEPLOYMENT_TARGET = 18.2;
				LOCALIZATION_PREFERS_STRING_CATALOGS = YES;
				MTL_ENABLE_DEBUG_INFO = NO;
				MTL_FAST_MATH = YES;
				SDKROOT = iphoneos;
				SWIFT_COMPILATION_MODE = wholemodule;
				VALIDATE_PRODUCT = YES;
			};
			name = Release;
		};
		F6D8FE5D2D4FAC93002A8742 /* Debug */ = {
			isa = XCBuildConfiguration;
			buildSettings = {
				BUNDLE_LOADER = "$(TEST_HOST)";
				CODE_SIGN_STYLE = Automatic;
				CURRENT_PROJECT_VERSION = 1;
				GENERATE_INFOPLIST_FILE = YES;
				IPHONEOS_DEPLOYMENT_TARGET = 18.2;
				MARKETING_VERSION = 1.0;
				PRODUCT_BUNDLE_IDENTIFIER = edu.auburn.onlinecsse.Module3Tests;
				PRODUCT_NAME = "$(TARGET_NAME)";
				SWIFT_EMIT_LOC_STRINGS = NO;
				SWIFT_VERSION = 5.0;
				TARGETED_DEVICE_FAMILY = "1,2";
				TEST_HOST = "$(BUILT_PRODUCTS_DIR)/Module3.app/$(BUNDLE_EXECUTABLE_FOLDER_PATH)/Module3";
			};
			name = Debug;
		};
		F6D8FE5E2D4FAC93002A8742 /* Release */ = {
			isa = XCBuildConfiguration;
			buildSettings = {
				BUNDLE_LOADER = "$(TEST_HOST)";
				CODE_SIGN_STYLE = Automatic;
				CURRENT_PROJECT_VERSION = 1;
				GENERATE_INFOPLIST_FILE = YES;
				IPHONEOS_DEPLOYMENT_TARGET = 18.2;
				MARKETING_VERSION = 1.0;
				PRODUCT_BUNDLE_IDENTIFIER = edu.auburn.onlinecsse.Module3Tests;
				PRODUCT_NAME = "$(TARGET_NAME)";
				SWIFT_EMIT_LOC_STRINGS = NO;
				SWIFT_VERSION = 5.0;
				TARGETED_DEVICE_FAMILY = "1,2";
				TEST_HOST = "$(BUILT_PRODUCTS_DIR)/Module3.app/$(BUNDLE_EXECUTABLE_FOLDER_PATH)/Module3";
			};
			name = Release;
		};
		F6D8FE602D4FAC93002A8742 /* Debug */ = {
			isa = XCBuildConfiguration;
			buildSettings = {
				CODE_SIGN_STYLE = Automatic;
				CURRENT_PROJECT_VERSION = 1;
				GENERATE_INFOPLIST_FILE = YES;
				MARKETING_VERSION = 1.0;
				PRODUCT_BUNDLE_IDENTIFIER = edu.auburn.onlinecsse.Module3UITests;
				PRODUCT_NAME = "$(TARGET_NAME)";
				SWIFT_EMIT_LOC_STRINGS = NO;
				SWIFT_VERSION = 5.0;
				TARGETED_DEVICE_FAMILY = "1,2";
				TEST_TARGET_NAME = Module3;
			};
			name = Debug;
		};
		F6D8FE612D4FAC93002A8742 /* Release */ = {
			isa = XCBuildConfiguration;
			buildSettings = {
				CODE_SIGN_STYLE = Automatic;
				CURRENT_PROJECT_VERSION = 1;
				GENERATE_INFOPLIST_FILE = YES;
				MARKETING_VERSION = 1.0;
				PRODUCT_BUNDLE_IDENTIFIER = edu.auburn.onlinecsse.Module3UITests;
				PRODUCT_NAME = "$(TARGET_NAME)";
				SWIFT_EMIT_LOC_STRINGS = NO;
				SWIFT_VERSION = 5.0;
				TARGETED_DEVICE_FAMILY = "1,2";
				TEST_TARGET_NAME = Module3;
			};
			name = Release;
		};
/* End XCBuildConfiguration section */

/* Begin XCConfigurationList section */
		F6D8FE292D4FAC92002A8742 /* Build configuration list for PBXProject "Module3" */ = {
			isa = XCConfigurationList;
			buildConfigurations = (
				F6D8FE5A2D4FAC93002A8742 /* Debug */,
				F6D8FE5B2D4FAC93002A8742 /* Release */,
			);
			defaultConfigurationIsVisible = 0;
			defaultConfigurationName = Release;
		};
		F6D8FE572D4FAC93002A8742 /* Build configuration list for PBXNativeTarget "Module3" */ = {
			isa = XCConfigurationList;
			buildConfigurations = (
				F6D8FE582D4FAC93002A8742 /* Debug */,
				F6D8FE592D4FAC93002A8742 /* Release */,
			);
			defaultConfigurationIsVisible = 0;
			defaultConfigurationName = Release;
		};
		F6D8FE5C2D4FAC93002A8742 /* Build configuration list for PBXNativeTarget "Module3Tests" */ = {
			isa = XCConfigurationList;
			buildConfigurations = (
				F6D8FE5D2D4FAC93002A8742 /* Debug */,
				F6D8FE5E2D4FAC93002A8742 /* Release */,
			);
			defaultConfigurationIsVisible = 0;
			defaultConfigurationName = Release;
		};
		F6D8FE5F2D4FAC93002A8742 /* Build configuration list for PBXNativeTarget "Module3UITests" */ = {
			isa = XCConfigurationList;
			buildConfigurations = (
				F6D8FE602D4FAC93002A8742 /* Debug */,
				F6D8FE612D4FAC93002A8742 /* Release */,
			);
			defaultConfigurationIsVisible = 0;
			defaultConfigurationName = Release;
		};
/* End XCConfigurationList section */
	};
	rootObject = F6D8FE262D4FAC92002A8742 /* Project object */;
}
